// !$*UTF8*$!
{
	archiveVersion = 1;
	classes = {
	};
	objectVersion = 46;
	objects = {

/* Begin PBXBuildFile section */
		465224C41ACDF6160032E961 /* david.png in Resources */ = {isa = PBXBuildFile; fileRef = 465224C01ACDF6160032E961 /* david.png */; };
		465224C51ACDF6160032E961 /* jenn.png in Resources */ = {isa = PBXBuildFile; fileRef = 465224C11ACDF6160032E961 /* jenn.png */; };
		465224C61ACDF6160032E961 /* yasyf.png in Resources */ = {isa = PBXBuildFile; fileRef = 465224C21ACDF6160032E961 /* yasyf.png */; };
		465224C71ACDF6160032E961 /* rumya.png in Resources */ = {isa = PBXBuildFile; fileRef = 465224C31ACDF6160032E961 /* rumya.png */; };
		466CEB521ACE140A005E5C7A /* rose.png in Resources */ = {isa = PBXBuildFile; fileRef = 466CEB4F1ACE140A005E5C7A /* rose.png */; };
		466CEB531ACE140A005E5C7A /* emma.png in Resources */ = {isa = PBXBuildFile; fileRef = 466CEB501ACE140A005E5C7A /* emma.png */; };
		466CEB541ACE140A005E5C7A /* jaimie.png in Resources */ = {isa = PBXBuildFile; fileRef = 466CEB511ACE140A005E5C7A /* jaimie.png */; };
		466CEB571ACE146C005E5C7A /* tim.png in Resources */ = {isa = PBXBuildFile; fileRef = 466CEB551ACE146C005E5C7A /* tim.png */; };
		466CEB581ACE146C005E5C7A /* blake.png in Resources */ = {isa = PBXBuildFile; fileRef = 466CEB561ACE146C005E5C7A /* blake.png */; };
		469AAED31ACDF9FE001D8091 /* LaunchScreen.xib in Resources */ = {isa = PBXBuildFile; fileRef = 46C6352D1ACCC05000E759AF /* LaunchScreen.xib */; };
		46C635251ACCC05000E759AF /* AppDelegate.swift in Sources */ = {isa = PBXBuildFile; fileRef = 46C635241ACCC05000E759AF /* AppDelegate.swift */; };
		46C635271ACCC05000E759AF /* ViewController.swift in Sources */ = {isa = PBXBuildFile; fileRef = 46C635261ACCC05000E759AF /* ViewController.swift */; };
		46C6352A1ACCC05000E759AF /* Main.storyboard in Resources */ = {isa = PBXBuildFile; fileRef = 46C635281ACCC05000E759AF /* Main.storyboard */; };
		46C6352C1ACCC05000E759AF /* Images.xcassets in Resources */ = {isa = PBXBuildFile; fileRef = 46C6352B1ACCC05000E759AF /* Images.xcassets */; };
		46C635451ACCC07300E759AF /* TimelineView.swift in Sources */ = {isa = PBXBuildFile; fileRef = 46C635441ACCC07300E759AF /* TimelineView.swift */; };
/* End PBXBuildFile section */

/* Begin PBXFileReference section */
		465224C01ACDF6160032E961 /* david.png */ = {isa = PBXFileReference; lastKnownFileType = image.png; path = david.png; sourceTree = "<group>"; };
		465224C11ACDF6160032E961 /* jenn.png */ = {isa = PBXFileReference; lastKnownFileType = image.png; path = jenn.png; sourceTree = "<group>"; };
		465224C21ACDF6160032E961 /* yasyf.png */ = {isa = PBXFileReference; lastKnownFileType = image.png; path = yasyf.png; sourceTree = "<group>"; };
		465224C31ACDF6160032E961 /* rumya.png */ = {isa = PBXFileReference; lastKnownFileType = image.png; path = rumya.png; sourceTree = "<group>"; };
		466CEB4F1ACE140A005E5C7A /* rose.png */ = {isa = PBXFileReference; lastKnownFileType = image.png; path = rose.png; sourceTree = "<group>"; };
		466CEB501ACE140A005E5C7A /* emma.png */ = {isa = PBXFileReference; lastKnownFileType = image.png; path = emma.png; sourceTree = "<group>"; };
		466CEB511ACE140A005E5C7A /* jaimie.png */ = {isa = PBXFileReference; lastKnownFileType = image.png; path = jaimie.png; sourceTree = "<group>"; };
		466CEB551ACE146C005E5C7A /* tim.png */ = {isa = PBXFileReference; lastKnownFileType = image.png; path = tim.png; sourceTree = "<group>"; };
		466CEB561ACE146C005E5C7A /* blake.png */ = {isa = PBXFileReference; lastKnownFileType = image.png; path = blake.png; sourceTree = "<group>"; };
		46C6351F1ACCC05000E759AF /* Timeline.app */ = {isa = PBXFileReference; explicitFileType = wrapper.application; includeInIndex = 0; path = Timeline.app; sourceTree = BUILT_PRODUCTS_DIR; };
		46C635231ACCC05000E759AF /* Info.plist */ = {isa = PBXFileReference; lastKnownFileType = text.plist.xml; path = Info.plist; sourceTree = "<group>"; };
		46C635241ACCC05000E759AF /* AppDelegate.swift */ = {isa = PBXFileReference; lastKnownFileType = sourcecode.swift; path = AppDelegate.swift; sourceTree = "<group>"; };
		46C635261ACCC05000E759AF /* ViewController.swift */ = {isa = PBXFileReference; lastKnownFileType = sourcecode.swift; path = ViewController.swift; sourceTree = "<group>"; };
		46C635291ACCC05000E759AF /* Base */ = {isa = PBXFileReference; lastKnownFileType = file.storyboard; name = Base; path = Base.lproj/Main.storyboard; sourceTree = "<group>"; };
		46C6352B1ACCC05000E759AF /* Images.xcassets */ = {isa = PBXFileReference; lastKnownFileType = folder.assetcatalog; path = Images.xcassets; sourceTree = "<group>"; };
		46C6352E1ACCC05000E759AF /* Base */ = {isa = PBXFileReference; lastKnownFileType = file.xib; name = Base; path = Base.lproj/LaunchScreen.xib; sourceTree = "<group>"; };
		46C635441ACCC07300E759AF /* TimelineView.swift */ = {isa = PBXFileReference; fileEncoding = 4; lastKnownFileType = sourcecode.swift; path = TimelineView.swift; sourceTree = "<group>"; };
/* End PBXFileReference section */

/* Begin PBXFrameworksBuildPhase section */
		46C6351C1ACCC05000E759AF /* Frameworks */ = {
			isa = PBXFrameworksBuildPhase;
			buildActionMask = 2147483647;
			files = (
			);
			runOnlyForDeploymentPostprocessing = 0;
		};
/* End PBXFrameworksBuildPhase section */

/* Begin PBXGroup section */
		46C635161ACCC05000E759AF = {
			isa = PBXGroup;
			children = (
				46C635211ACCC05000E759AF /* Timeline */,
				46C635201ACCC05000E759AF /* Products */,
			);
			sourceTree = "<group>";
		};
		46C635201ACCC05000E759AF /* Products */ = {
			isa = PBXGroup;
			children = (
				46C6351F1ACCC05000E759AF /* Timeline.app */,
			);
			name = Products;
			sourceTree = "<group>";
		};
		46C635211ACCC05000E759AF /* Timeline */ = {
			isa = PBXGroup;
			children = (
				46C635241ACCC05000E759AF /* AppDelegate.swift */,
				46C635261ACCC05000E759AF /* ViewController.swift */,
				46C635441ACCC07300E759AF /* TimelineView.swift */,
				46C635281ACCC05000E759AF /* Main.storyboard */,
				46C6352B1ACCC05000E759AF /* Images.xcassets */,
				46C6352D1ACCC05000E759AF /* LaunchScreen.xib */,
				46C635221ACCC05000E759AF /* Supporting Files */,
			);
			path = Timeline;
			sourceTree = "<group>";
		};
		46C635221ACCC05000E759AF /* Supporting Files */ = {
			isa = PBXGroup;
			children = (
				466CEB4F1ACE140A005E5C7A /* rose.png */,
				466CEB501ACE140A005E5C7A /* emma.png */,
				466CEB511ACE140A005E5C7A /* jaimie.png */,
				465224C01ACDF6160032E961 /* david.png */,
				465224C11ACDF6160032E961 /* jenn.png */,
				466CEB551ACE146C005E5C7A /* tim.png */,
				466CEB561ACE146C005E5C7A /* blake.png */,
				465224C21ACDF6160032E961 /* yasyf.png */,
				465224C31ACDF6160032E961 /* rumya.png */,
				46C635231ACCC05000E759AF /* Info.plist */,
			);
			name = "Supporting Files";
			sourceTree = "<group>";
		};
/* End PBXGroup section */

/* Begin PBXNativeTarget section */
		46C6351E1ACCC05000E759AF /* Timeline */ = {
			isa = PBXNativeTarget;
			buildConfigurationList = 46C6353E1ACCC05000E759AF /* Build configuration list for PBXNativeTarget "Timeline" */;
			buildPhases = (
				46C6351B1ACCC05000E759AF /* Sources */,
				46C6351C1ACCC05000E759AF /* Frameworks */,
				46C6351D1ACCC05000E759AF /* Resources */,
			);
			buildRules = (
			);
			dependencies = (
			);
			name = Timeline;
			productName = Timeline;
			productReference = 46C6351F1ACCC05000E759AF /* Timeline.app */;
			productType = "com.apple.product-type.application";
		};
/* End PBXNativeTarget section */

/* Begin PBXProject section */
		46C635171ACCC05000E759AF /* Project object */ = {
			isa = PBXProject;
			attributes = {
				LastUpgradeCheck = 0620;
				ORGANIZATIONNAME = "Larry Zhang";
				TargetAttributes = {
					46C6351E1ACCC05000E759AF = {
						CreatedOnToolsVersion = 6.2;
					};
				};
			};
			buildConfigurationList = 46C6351A1ACCC05000E759AF /* Build configuration list for PBXProject "Timeline" */;
			compatibilityVersion = "Xcode 3.2";
			developmentRegion = English;
			hasScannedForEncodings = 0;
			knownRegions = (
				en,
				Base,
			);
			mainGroup = 46C635161ACCC05000E759AF;
			productRefGroup = 46C635201ACCC05000E759AF /* Products */;
			projectDirPath = "";
			projectRoot = "";
			targets = (
				46C6351E1ACCC05000E759AF /* Timeline */,
			);
		};
/* End PBXProject section */

/* Begin PBXResourcesBuildPhase section */
		46C6351D1ACCC05000E759AF /* Resources */ = {
			isa = PBXResourcesBuildPhase;
			buildActionMask = 2147483647;
			files = (
				469AAED31ACDF9FE001D8091 /* LaunchScreen.xib in Resources */,
				466CEB571ACE146C005E5C7A /* tim.png in Resources */,
				465224C61ACDF6160032E961 /* yasyf.png in Resources */,
				466CEB541ACE140A005E5C7A /* jaimie.png in Resources */,
				466CEB531ACE140A005E5C7A /* emma.png in Resources */,
				465224C41ACDF6160032E961 /* david.png in Resources */,
				465224C51ACDF6160032E961 /* jenn.png in Resources */,
				466CEB521ACE140A005E5C7A /* rose.png in Resources */,
				46C6352A1ACCC05000E759AF /* Main.storyboard in Resources */,
				465224C71ACDF6160032E961 /* rumya.png in Resources */,
				46C6352C1ACCC05000E759AF /* Images.xcassets in Resources */,
				466CEB581ACE146C005E5C7A /* blake.png in Resources */,
			);
			runOnlyForDeploymentPostprocessing = 0;
		};
/* End PBXResourcesBuildPhase section */

/* Begin PBXSourcesBuildPhase section */
		46C6351B1ACCC05000E759AF /* Sources */ = {
			isa = PBXSourcesBuildPhase;
			buildActionMask = 2147483647;
			files = (
				46C635271ACCC05000E759AF /* ViewController.swift in Sources */,
				46C635451ACCC07300E759AF /* TimelineView.swift in Sources */,
				46C635251ACCC05000E759AF /* AppDelegate.swift in Sources */,
			);
			runOnlyForDeploymentPostprocessing = 0;
		};
/* End PBXSourcesBuildPhase section */

/* Begin PBXVariantGroup section */
		46C635281ACCC05000E759AF /* Main.storyboard */ = {
			isa = PBXVariantGroup;
			children = (
				46C635291ACCC05000E759AF /* Base */,
			);
			name = Main.storyboard;
			sourceTree = "<group>";
		};
		46C6352D1ACCC05000E759AF /* LaunchScreen.xib */ = {
			isa = PBXVariantGroup;
			children = (
				46C6352E1ACCC05000E759AF /* Base */,
			);
			name = LaunchScreen.xib;
			sourceTree = "<group>";
		};
/* End PBXVariantGroup section */

/* Begin XCBuildConfiguration section */
		46C6353C1ACCC05000E759AF /* Debug */ = {
			isa = XCBuildConfiguration;
			buildSettings = {
				ALWAYS_SEARCH_USER_PATHS = NO;
				CLANG_CXX_LANGUAGE_STANDARD = "gnu++0x";
				CLANG_CXX_LIBRARY = "libc++";
				CLANG_ENABLE_MODULES = YES;
				CLANG_ENABLE_OBJC_ARC = YES;
				CLANG_WARN_BOOL_CONVERSION = YES;
				CLANG_WARN_CONSTANT_CONVERSION = YES;
				CLANG_WARN_DIRECT_OBJC_ISA_USAGE = YES_ERROR;
				CLANG_WARN_EMPTY_BODY = YES;
				CLANG_WARN_ENUM_CONVERSION = YES;
				CLANG_WARN_INT_CONVERSION = YES;
				CLANG_WARN_OBJC_ROOT_CLASS = YES_ERROR;
				CLANG_WARN_UNREACHABLE_CODE = YES;
				CLANG_WARN__DUPLICATE_METHOD_MATCH = YES;
				"CODE_SIGN_IDENTITY[sdk=iphoneos*]" = "iPhone Developer";
				COPY_PHASE_STRIP = NO;
				ENABLE_STRICT_OBJC_MSGSEND = YES;
				GCC_C_LANGUAGE_STANDARD = gnu99;
				GCC_DYNAMIC_NO_PIC = NO;
				GCC_OPTIMIZATION_LEVEL = 0;
				GCC_PREPROCESSOR_DEFINITIONS = (
					"DEBUG=1",
					"$(inherited)",
				);
				GCC_SYMBOLS_PRIVATE_EXTERN = NO;
				GCC_WARN_64_TO_32_BIT_CONVERSION = YES;
				GCC_WARN_ABOUT_RETURN_TYPE = YES_ERROR;
				GCC_WARN_UNDECLARED_SELECTOR = YES;
				GCC_WARN_UNINITIALIZED_AUTOS = YES_AGGRESSIVE;
				GCC_WARN_UNUSED_FUNCTION = YES;
				GCC_WARN_UNUSED_VARIABLE = YES;
				IPHONEOS_DEPLOYMENT_TARGET = 8.2;
				MTL_ENABLE_DEBUG_INFO = YES;
				ONLY_ACTIVE_ARCH = YES;
				SDKROOT = iphoneos;
				SWIFT_OPTIMIZATION_LEVEL = "-Onone";
			};
			name = Debug;
		};
		46C6353D1ACCC05000E759AF /* Release */ = {
			isa = XCBuildConfiguration;
			buildSettings = {
				ALWAYS_SEARCH_USER_PATHS = NO;
				CLANG_CXX_LANGUAGE_STANDARD = "gnu++0x";
				CLANG_CXX_LIBRARY = "libc++";
				CLANG_ENABLE_MODULES = YES;
				CLANG_ENABLE_OBJC_ARC = YES;
				CLANG_WARN_BOOL_CONVERSION = YES;
				CLANG_WARN_CONSTANT_CONVERSION = YES;
				CLANG_WARN_DIRECT_OBJC_ISA_USAGE = YES_ERROR;
				CLANG_WARN_EMPTY_BODY = YES;
				CLANG_WARN_ENUM_CONVERSION = YES;
				CLANG_WARN_INT_CONVERSION = YES;
				CLANG_WARN_OBJC_ROOT_CLASS = YES_ERROR;
				CLANG_WARN_UNREACHABLE_CODE = YES;
				CLANG_WARN__DUPLICATE_METHOD_MATCH = YES;
				"CODE_SIGN_IDENTITY[sdk=iphoneos*]" = "iPhone Developer";
				COPY_PHASE_STRIP = NO;
				ENABLE_NS_ASSERTIONS = NO;
				ENABLE_STRICT_OBJC_MSGSEND = YES;
				GCC_C_LANGUAGE_STANDARD = gnu99;
				GCC_WARN_64_TO_32_BIT_CONVERSION = YES;
				GCC_WARN_ABOUT_RETURN_TYPE = YES_ERROR;
				GCC_WARN_UNDECLARED_SELECTOR = YES;
				GCC_WARN_UNINITIALIZED_AUTOS = YES_AGGRESSIVE;
				GCC_WARN_UNUSED_FUNCTION = YES;
				GCC_WARN_UNUSED_VARIABLE = YES;
				IPHONEOS_DEPLOYMENT_TARGET = 8.2;
				MTL_ENABLE_DEBUG_INFO = NO;
				SDKROOT = iphoneos;
				VALIDATE_PRODUCT = YES;
			};
			name = Release;
		};
		46C6353F1ACCC05000E759AF /* Debug */ = {
			isa = XCBuildConfiguration;
			buildSettings = {
				ASSETCATALOG_COMPILER_APPICON_NAME = AppIcon;
				INFOPLIST_FILE = Timeline/Info.plist;
				LD_RUNPATH_SEARCH_PATHS = "$(inherited) @executable_path/Frameworks";
				PRODUCT_NAME = "$(TARGET_NAME)";
			};
			name = Debug;
		};
		46C635401ACCC05000E759AF /* Release */ = {
			isa = XCBuildConfiguration;
			buildSettings = {
				ASSETCATALOG_COMPILER_APPICON_NAME = AppIcon;
				INFOPLIST_FILE = Timeline/Info.plist;
				LD_RUNPATH_SEARCH_PATHS = "$(inherited) @executable_path/Frameworks";
				PRODUCT_NAME = "$(TARGET_NAME)";
			};
			name = Release;
		};
/* End XCBuildConfiguration section */

/* Begin XCConfigurationList section */
		46C6351A1ACCC05000E759AF /* Build configuration list for PBXProject "Timeline" */ = {
			isa = XCConfigurationList;
			buildConfigurations = (
				46C6353C1ACCC05000E759AF /* Debug */,
				46C6353D1ACCC05000E759AF /* Release */,
			);
			defaultConfigurationIsVisible = 0;
			defaultConfigurationName = Release;
		};
		46C6353E1ACCC05000E759AF /* Build configuration list for PBXNativeTarget "Timeline" */ = {
			isa = XCConfigurationList;
			buildConfigurations = (
				46C6353F1ACCC05000E759AF /* Debug */,
				46C635401ACCC05000E759AF /* Release */,
			);
			defaultConfigurationIsVisible = 0;
			defaultConfigurationName = Release;
		};
/* End XCConfigurationList section */
	};
	rootObject = 46C635171ACCC05000E759AF /* Project object */;
}
